
Microsoft Visual Studio Solution File, Format Version 12.00
# Visual Studio Version 16
VisualStudioVersion = 16.0.29613.14
MinimumVisualStudioVersion = 10.0.40219.1
Project("{FAE04EC0-301F-11D3-BF4B-00C04F79EFBC}") = "MatricesCS", "MatricesCS\MatricesCS.csproj", "{E9245705-23C6-4BEB-A887-971C2FF8D374}"
EndProject
Global
	GlobalSection(SolutionConfigurationPlatforms) = preSolution
		Debug|Any CPU = Debug|Any CPU
		Release|Any CPU = Release|Any CPU
	EndGlobalSection
	GlobalSection(ProjectConfigurationPlatforms) = postSolution
		{E9245705-23C6-4BEB-A887-971C2FF8D374}.Debug|Any CPU.ActiveCfg = Debug|Any CPU
		{E9245705-23C6-4BEB-A887-971C2FF8D374}.Debug|Any CPU.Build.0 = Debug|Any CPU
		{E9245705-23C6-4BEB-A887-971C2FF8D374}.Release|Any CPU.ActiveCfg = Release|Any CPU
		{E9245705-23C6-4BEB-A887-971C2FF8D374}.Release|Any CPU.Build.0 = Release|Any CPU
	EndGlobalSection
	GlobalSection(SolutionProperties) = preSolution
		HideSolutionNode = FALSE
	EndGlobalSection
	GlobalSection(ExtensibilityGlobals) = postSolution
		SolutionGuid = {13656C4D-DFD3-473C-B608-6DE77E0B190F}
	EndGlobalSection
EndGlobal
